{
  "version": 4,
  "terraform_version": "1.15.8",
  "serial": 2,
  "lineage": "80a6aca6-6438-79c2-ff35-894ffa06173d",
  "outputs": {
    "ecr_repository_url": {
      "value": "578377798742.dkr.ecr.us-east-1.amazonaws.com/bus-ticketing-app",
      "type": "string"
    }
  },
  "resources": [
    {
      "mode": "managed",
      "type": "aws_ecr_repository",
      "name": "bus_ticketing_app",
      "provider": "provider[\"registry.terraform.io/hashicorp/aws\"]",
      "instances": [
        {
          "schema_version": 0,
          "attributes": {
            "arn": "arn:aws:ecr:us-east-1:578377798742:repository/bus-ticketing-app",
            "encryption_configuration": [
              {
                "encryption_type": "AES256",
                "kms_key": ""
              }
            ],
            "force_delete": null,
            "id": "bus-ticketing-app",
            "image_scanning_configuration": [
              {
                "scan_on_push": true
              }
            ],
            "image_tag_mutability": "MUTABLE",
            "name": "bus-ticketing-app",
            "registry_id": "578377798742",
            "repository_url": "578377798742.dkr.ecr.us-east-1.amazonaws.com/bus-ticketing-app",
            "tags": null,
            "tags_all": {},
            "timeouts": null
          },
          "sensitive_attributes": [],
          "identity_schema_version": 0,
          "private": "eyJlMmJmYjczMC1lY2FhLTExZTYtOGY4OC0zNDM2M2JjN2M0YzAiOnsiZGVsZXRlIjoxMjAwMDAwMDAwMDAwfX0="
        }
      ]
    }
  ],
  "check_results": null
}
